
Microsoft Visual Studio Solution File, Format Version 12.00
# Visual Studio 15
VisualStudioVersion = 15.0.28307.645
MinimumVisualStudioVersion = 10.0.40219.1
Project("{9A19103F-16F7-4668-BE54-9A1E7A4F7556}") = "ACoreX", "ACoreX\ACoreX.csproj", "{0784A402-F1F6-4124-A0D6-977F0CBF047E}"
EndProject
Project("{2150E333-8FDC-42A3-9474-1A3956D46DE8}") = "Injector", "Injector", "{18E65B6D-75FD-49E0-984F-4677664FC919}"
EndProject
Project("{2150E333-8FDC-42A3-9474-1A3956D46DE8}") = "Logger", "Logger", "{122FD7DE-8406-4C23-94E9-0057D283378D}"
EndProject
Project("{2150E333-8FDC-42A3-9474-1A3956D46DE8}") = "Modules", "Modules", "{E084C883-329F-427A-9563-E5C8229807E4}"
EndProject
Project("{2150E333-8FDC-42A3-9474-1A3956D46DE8}") = "Extensions", "Extensions", "{6BC1618E-5F0F-4D5A-A275-854E7D79E6E9}"
EndProject
Project("{2150E333-8FDC-42A3-9474-1A3956D46DE8}") = "BaseExtensions", "BaseExtensions", "{413DBA7C-A70B-43BB-810D-31B083CD7460}"
EndProject
Project("{2150E333-8FDC-42A3-9474-1A3956D46DE8}") = "Configurations", "Configurations", "{46566558-C0F8-4A1C-AEAD-B8C0EFD012D0}"
EndProject
Project("{2150E333-8FDC-42A3-9474-1A3956D46DE8}") = "WebAPI", "WebAPI", "{6E679643-7A9F-43AE-92FE-3DDA1AEE2EF1}"
EndProject
Project("{2150E333-8FDC-42A3-9474-1A3956D46DE8}") = "Loader", "Loader", "{2F457E89-960A-4F4C-8E5B-1EB4A0D91ABE}"
EndProject
Project("{2150E333-8FDC-42A3-9474-1A3956D46DE8}") = "Data", "Data", "{58DEEF70-E89D-4681-9501-C62B28EEA2CF}"
EndProject
Project("{2150E333-8FDC-42A3-9474-1A3956D46DE8}") = "Dapper", "Dapper", "{08E1569A-4FBD-49FD-8D13-5543D9F57B12}"
EndProject
Project("{2150E333-8FDC-42A3-9474-1A3956D46DE8}") = "EFCore", "EFCore", "{28AC5802-7318-433A-B0E4-E90788D77BE6}"
EndProject
Project("{2150E333-8FDC-42A3-9474-1A3956D46DE8}") = "Utilities", "Utilities", "{95B00EB6-46C9-4E98-81DB-7333B4BB9705}"
EndProject
Project("{2150E333-8FDC-42A3-9474-1A3956D46DE8}") = "TS", "TS", "{DBF5F75E-AE05-434C-8A69-B3783B1D4481}"
EndProject
Project("{2150E333-8FDC-42A3-9474-1A3956D46DE8}") = "Authentication", "Authentication", "{43355148-AAA3-4BBE-A5AC-C180ACB52415}"
EndProject
Project("{9A19103F-16F7-4668-BE54-9A1E7A4F7556}") = "ACoreX.Authentication.Abstractions", "Authentication\ACoreX.Authentication.Abstraction\ACoreX.Authentication.Abstractions.csproj", "{6D0B14ED-EB29-4774-BE01-7EB2621286FD}"
EndProject
Project("{9A19103F-16F7-4668-BE54-9A1E7A4F7556}") = "ACoreX.Authentication.Core", "Authentication\ACoreX.Authentication.Core\ACoreX.Authentication.Core.csproj", "{0E211AAB-19B8-4549-B99A-05C907DA5083}"
EndProject
Project("{9A19103F-16F7-4668-BE54-9A1E7A4F7556}") = "ACoreX.Configurations", "Configurations\ACoreX.Configurations\ACoreX.Configurations.csproj", "{33C2643F-4DAC-43C5-B1A6-744E504A6EB3}"
EndProject
Project("{9A19103F-16F7-4668-BE54-9A1E7A4F7556}") = "ACoreX.Data.Abstractions", "Data\ACoreX.Data.Abstractions\ACoreX.Data.Abstractions.csproj", "{2F121449-50E5-4D9B-AC4C-252D89361FB9}"
EndProject
Project("{9A19103F-16F7-4668-BE54-9A1E7A4F7556}") = "ACoreX.Data.Core", "Data\ACoreX.Data.Core\ACoreX.Data.Core.csproj", "{D86640EA-4D0C-4C64-95F3-57A72DDF7B83}"
EndProject
Project("{9A19103F-16F7-4668-BE54-9A1E7A4F7556}") = "ACoreX.Data.Dapper", "Data\ACoreX.Data.Dapper\ACoreX.Data.Dapper.csproj", "{8E2CE576-46B6-47FC-B220-0C5853A5DA47}"
EndProject
Project("{9A19103F-16F7-4668-BE54-9A1E7A4F7556}") = "ACoreX.Data.EFCore", "Data\ACoreX.Data.EFCore\ACoreX.Data.EFCore.csproj", "{C80411F0-A7C5-418E-9FF5-4030543C1DBD}"
EndProject
Project("{9A19103F-16F7-4668-BE54-9A1E7A4F7556}") = "ACoreX.Injector.Abstractions", "Injector\ACoreX.Injector.Abstraction\ACoreX.Injector.Abstractions.csproj", "{C2F4CCEA-D9D0-422D-AE04-6B6897E4B43D}"
EndProject
Project("{9A19103F-16F7-4668-BE54-9A1E7A4F7556}") = "ACoreX.Injector.Core", "Injector\ACoreX.Injector.Core\ACoreX.Injector.Core.csproj", "{D88112D1-3D6B-438E-A04A-B6D4F0A7F752}"
EndProject
Project("{9A19103F-16F7-4668-BE54-9A1E7A4F7556}") = "ACoreX.WebAPI", "WebAPI\ACoreX.WebAPI\ACoreX.WebAPI.csproj", "{B8060ED0-142D-4ECA-AE1B-66DB5AD1A8DF}"
EndProject
Project("{9A19103F-16F7-4668-BE54-9A1E7A4F7556}") = "TSGenerator", "Utilities\TS\Generator\TSGenerator\TSGenerator.csproj", "{EE6C733C-0EC7-4689-973F-553001713B73}"
EndProject
Global
	GlobalSection(SolutionConfigurationPlatforms) = preSolution
		Debug|Any CPU = Debug|Any CPU
		Release|Any CPU = Release|Any CPU
	EndGlobalSection
	GlobalSection(ProjectConfigurationPlatforms) = postSolution
		{0784A402-F1F6-4124-A0D6-977F0CBF047E}.Debug|Any CPU.ActiveCfg = Debug|Any CPU
		{0784A402-F1F6-4124-A0D6-977F0CBF047E}.Debug|Any CPU.Build.0 = Debug|Any CPU
		{0784A402-F1F6-4124-A0D6-977F0CBF047E}.Release|Any CPU.ActiveCfg = Release|Any CPU
		{0784A402-F1F6-4124-A0D6-977F0CBF047E}.Release|Any CPU.Build.0 = Release|Any CPU
		{6D0B14ED-EB29-4774-BE01-7EB2621286FD}.Debug|Any CPU.ActiveCfg = Debug|Any CPU
		{6D0B14ED-EB29-4774-BE01-7EB2621286FD}.Debug|Any CPU.Build.0 = Debug|Any CPU
		{6D0B14ED-EB29-4774-BE01-7EB2621286FD}.Release|Any CPU.ActiveCfg = Release|Any CPU
		{6D0B14ED-EB29-4774-BE01-7EB2621286FD}.Release|Any CPU.Build.0 = Release|Any CPU
		{0E211AAB-19B8-4549-B99A-05C907DA5083}.Debug|Any CPU.ActiveCfg = Debug|Any CPU
		{0E211AAB-19B8-4549-B99A-05C907DA5083}.Debug|Any CPU.Build.0 = Debug|Any CPU
		{0E211AAB-19B8-4549-B99A-05C907DA5083}.Release|Any CPU.ActiveCfg = Release|Any CPU
		{0E211AAB-19B8-4549-B99A-05C907DA5083}.Release|Any CPU.Build.0 = Release|Any CPU
		{33C2643F-4DAC-43C5-B1A6-744E504A6EB3}.Debug|Any CPU.ActiveCfg = Debug|Any CPU
		{33C2643F-4DAC-43C5-B1A6-744E504A6EB3}.Debug|Any CPU.Build.0 = Debug|Any CPU
		{33C2643F-4DAC-43C5-B1A6-744E504A6EB3}.Release|Any CPU.ActiveCfg = Release|Any CPU
		{33C2643F-4DAC-43C5-B1A6-744E504A6EB3}.Release|Any CPU.Build.0 = Release|Any CPU
		{2F121449-50E5-4D9B-AC4C-252D89361FB9}.Debug|Any CPU.ActiveCfg = Debug|Any CPU
		{2F121449-50E5-4D9B-AC4C-252D89361FB9}.Debug|Any CPU.Build.0 = Debug|Any CPU
		{2F121449-50E5-4D9B-AC4C-252D89361FB9}.Release|Any CPU.ActiveCfg = Release|Any CPU
		{2F121449-50E5-4D9B-AC4C-252D89361FB9}.Release|Any CPU.Build.0 = Release|Any CPU
		{D86640EA-4D0C-4C64-95F3-57A72DDF7B83}.Debug|Any CPU.ActiveCfg = Debug|Any CPU
		{D86640EA-4D0C-4C64-95F3-57A72DDF7B83}.Debug|Any CPU.Build.0 = Debug|Any CPU
		{D86640EA-4D0C-4C64-95F3-57A72DDF7B83}.Release|Any CPU.ActiveCfg = Release|Any CPU
		{D86640EA-4D0C-4C64-95F3-57A72DDF7B83}.Release|Any CPU.Build.0 = Release|Any CPU
		{8E2CE576-46B6-47FC-B220-0C5853A5DA47}.Debug|Any CPU.ActiveCfg = Debug|Any CPU
		{8E2CE576-46B6-47FC-B220-0C5853A5DA47}.Debug|Any CPU.Build.0 = Debug|Any CPU
		{8E2CE576-46B6-47FC-B220-0C5853A5DA47}.Release|Any CPU.ActiveCfg = Release|Any CPU
		{8E2CE576-46B6-47FC-B220-0C5853A5DA47}.Release|Any CPU.Build.0 = Release|Any CPU
		{C80411F0-A7C5-418E-9FF5-4030543C1DBD}.Debug|Any CPU.ActiveCfg = Debug|Any CPU
		{C80411F0-A7C5-418E-9FF5-4030543C1DBD}.Debug|Any CPU.Build.0 = Debug|Any CPU
		{C80411F0-A7C5-418E-9FF5-4030543C1DBD}.Release|Any CPU.ActiveCfg = Release|Any CPU
		{C80411F0-A7C5-418E-9FF5-4030543C1DBD}.Release|Any CPU.Build.0 = Release|Any CPU
		{C2F4CCEA-D9D0-422D-AE04-6B6897E4B43D}.Debug|Any CPU.ActiveCfg = Debug|Any CPU
		{C2F4CCEA-D9D0-422D-AE04-6B6897E4B43D}.Debug|Any CPU.Build.0 = Debug|Any CPU
		{C2F4CCEA-D9D0-422D-AE04-6B6897E4B43D}.Release|Any CPU.ActiveCfg = Release|Any CPU
		{C2F4CCEA-D9D0-422D-AE04-6B6897E4B43D}.Release|Any CPU.Build.0 = Release|Any CPU
		{D88112D1-3D6B-438E-A04A-B6D4F0A7F752}.Debug|Any CPU.ActiveCfg = Debug|Any CPU
		{D88112D1-3D6B-438E-A04A-B6D4F0A7F752}.Debug|Any CPU.Build.0 = Debug|Any CPU
		{D88112D1-3D6B-438E-A04A-B6D4F0A7F752}.Release|Any CPU.ActiveCfg = Release|Any CPU
		{D88112D1-3D6B-438E-A04A-B6D4F0A7F752}.Release|Any CPU.Build.0 = Release|Any CPU
		{B8060ED0-142D-4ECA-AE1B-66DB5AD1A8DF}.Debug|Any CPU.ActiveCfg = Debug|Any CPU
		{B8060ED0-142D-4ECA-AE1B-66DB5AD1A8DF}.Debug|Any CPU.Build.0 = Debug|Any CPU
		{B8060ED0-142D-4ECA-AE1B-66DB5AD1A8DF}.Release|Any CPU.ActiveCfg = Release|Any CPU
		{B8060ED0-142D-4ECA-AE1B-66DB5AD1A8DF}.Release|Any CPU.Build.0 = Release|Any CPU
		{EE6C733C-0EC7-4689-973F-553001713B73}.Debug|Any CPU.ActiveCfg = Debug|Any CPU
		{EE6C733C-0EC7-4689-973F-553001713B73}.Debug|Any CPU.Build.0 = Debug|Any CPU
		{EE6C733C-0EC7-4689-973F-553001713B73}.Release|Any CPU.ActiveCfg = Release|Any CPU
		{EE6C733C-0EC7-4689-973F-553001713B73}.Release|Any CPU.Build.0 = Release|Any CPU
	EndGlobalSection
	GlobalSection(SolutionProperties) = preSolution
		HideSolutionNode = FALSE
	EndGlobalSection
	GlobalSection(NestedProjects) = preSolution
		{122FD7DE-8406-4C23-94E9-0057D283378D} = {E084C883-329F-427A-9563-E5C8229807E4}
		{413DBA7C-A70B-43BB-810D-31B083CD7460} = {6BC1618E-5F0F-4D5A-A275-854E7D79E6E9}
		{08E1569A-4FBD-49FD-8D13-5543D9F57B12} = {58DEEF70-E89D-4681-9501-C62B28EEA2CF}
		{28AC5802-7318-433A-B0E4-E90788D77BE6} = {58DEEF70-E89D-4681-9501-C62B28EEA2CF}
		{DBF5F75E-AE05-434C-8A69-B3783B1D4481} = {95B00EB6-46C9-4E98-81DB-7333B4BB9705}
		{6D0B14ED-EB29-4774-BE01-7EB2621286FD} = {43355148-AAA3-4BBE-A5AC-C180ACB52415}
		{0E211AAB-19B8-4549-B99A-05C907DA5083} = {43355148-AAA3-4BBE-A5AC-C180ACB52415}
		{33C2643F-4DAC-43C5-B1A6-744E504A6EB3} = {46566558-C0F8-4A1C-AEAD-B8C0EFD012D0}
		{2F121449-50E5-4D9B-AC4C-252D89361FB9} = {58DEEF70-E89D-4681-9501-C62B28EEA2CF}
		{D86640EA-4D0C-4C64-95F3-57A72DDF7B83} = {58DEEF70-E89D-4681-9501-C62B28EEA2CF}
		{8E2CE576-46B6-47FC-B220-0C5853A5DA47} = {08E1569A-4FBD-49FD-8D13-5543D9F57B12}
		{C80411F0-A7C5-418E-9FF5-4030543C1DBD} = {28AC5802-7318-433A-B0E4-E90788D77BE6}
		{C2F4CCEA-D9D0-422D-AE04-6B6897E4B43D} = {18E65B6D-75FD-49E0-984F-4677664FC919}
		{D88112D1-3D6B-438E-A04A-B6D4F0A7F752} = {18E65B6D-75FD-49E0-984F-4677664FC919}
		{B8060ED0-142D-4ECA-AE1B-66DB5AD1A8DF} = {6E679643-7A9F-43AE-92FE-3DDA1AEE2EF1}
		{EE6C733C-0EC7-4689-973F-553001713B73} = {DBF5F75E-AE05-434C-8A69-B3783B1D4481}
	EndGlobalSection
	GlobalSection(ExtensibilityGlobals) = postSolution
		SolutionGuid = {95BF9AF2-B3CE-40DE-A48B-1BFD960CC0E8}
	EndGlobalSection
EndGlobal
