
Microsoft Visual Studio Solution File, Format Version 12.00
# Visual Studio 15
VisualStudioVersion = 15.0.28307.645
MinimumVisualStudioVersion = 10.0.40219.1
Project("{FAE04EC0-301F-11D3-BF4B-00C04F79EFBC}") = "ACoreX", "ACoreX\ACoreX.csproj", "{0784A402-F1F6-4124-A0D6-977F0CBF047E}"
EndProject
Project("{2150E333-8FDC-42A3-9474-1A3956D46DE8}") = "Injector", "Injector", "{18E65B6D-75FD-49E0-984F-4677664FC919}"
EndProject
Project("{FAE04EC0-301F-11D3-BF4B-00C04F79EFBC}") = "ACoreX.Injector.Core", "ACoreX.Injector.Core\ACoreX.Injector.Core.csproj", "{EBE4E511-CF3F-4464-A379-8A3D9DE43B41}"
EndProject
Project("{FAE04EC0-301F-11D3-BF4B-00C04F79EFBC}") = "ACoreX.Injector.Abstractions", "ACoreX.Injector.Abstraction\ACoreX.Injector.Abstractions.csproj", "{108F67A0-6468-4A46-8C89-0F9A42BB1788}"
EndProject
Project("{2150E333-8FDC-42A3-9474-1A3956D46DE8}") = "Logger", "Logger", "{122FD7DE-8406-4C23-94E9-0057D283378D}"
EndProject
Project("{2150E333-8FDC-42A3-9474-1A3956D46DE8}") = "Modules", "Modules", "{E084C883-329F-427A-9563-E5C8229807E4}"
EndProject
Project("{2150E333-8FDC-42A3-9474-1A3956D46DE8}") = "Extensions", "Extensions", "{6BC1618E-5F0F-4D5A-A275-854E7D79E6E9}"
EndProject
Project("{2150E333-8FDC-42A3-9474-1A3956D46DE8}") = "BaseExtensions", "BaseExtensions", "{413DBA7C-A70B-43BB-810D-31B083CD7460}"
EndProject
Project("{2150E333-8FDC-42A3-9474-1A3956D46DE8}") = "Configurations", "Configurations", "{46566558-C0F8-4A1C-AEAD-B8C0EFD012D0}"
EndProject
Project("{FAE04EC0-301F-11D3-BF4B-00C04F79EFBC}") = "ACoreX.Configurations", "ACoreX.Configurations\ACoreX.Configurations.csproj", "{1693743A-E031-453E-ACE4-4CB40E4A2782}"
EndProject
Project("{2150E333-8FDC-42A3-9474-1A3956D46DE8}") = "WebAPI", "WebAPI", "{6E679643-7A9F-43AE-92FE-3DDA1AEE2EF1}"
EndProject
Project("{FAE04EC0-301F-11D3-BF4B-00C04F79EFBC}") = "ACoreX.WebAPI", "ACoreX.WebAPI\ACoreX.WebAPI.csproj", "{69A65D82-7406-4442-B6F4-04F7F02C6BD9}"
EndProject
Project("{2150E333-8FDC-42A3-9474-1A3956D46DE8}") = "Loader", "Loader", "{2F457E89-960A-4F4C-8E5B-1EB4A0D91ABE}"
EndProject
Project("{2150E333-8FDC-42A3-9474-1A3956D46DE8}") = "Data", "Data", "{58DEEF70-E89D-4681-9501-C62B28EEA2CF}"
EndProject
Project("{FAE04EC0-301F-11D3-BF4B-00C04F79EFBC}") = "ACoreX.Data.Core", "ACoreX.Data.Core\ACoreX.Data.Core.csproj", "{D62F72F7-C1FF-4357-9E18-C0DBBC599DFA}"
EndProject
Project("{FAE04EC0-301F-11D3-BF4B-00C04F79EFBC}") = "ACoreX.Data.Abstractions", "ACoreX.Data.Abstractions\ACoreX.Data.Abstractions.csproj", "{8001CC74-8AAD-410F-A7FC-768306197908}"
EndProject
Project("{2150E333-8FDC-42A3-9474-1A3956D46DE8}") = "Dapper", "Dapper", "{08E1569A-4FBD-49FD-8D13-5543D9F57B12}"
EndProject
Project("{2150E333-8FDC-42A3-9474-1A3956D46DE8}") = "EFCore", "EFCore", "{28AC5802-7318-433A-B0E4-E90788D77BE6}"
EndProject
Project("{FAE04EC0-301F-11D3-BF4B-00C04F79EFBC}") = "ACoreX.Data.Dapper", "ACoreX.Data.Dapper\ACoreX.Data.Dapper.csproj", "{8010D47A-A001-490C-98A4-AC9ECF06B4A0}"
EndProject
Project("{FAE04EC0-301F-11D3-BF4B-00C04F79EFBC}") = "ACoreX.Data.EFCore", "ACoreX.Data.EFCore\ACoreX.Data.EFCore.csproj", "{A8F5EA4D-17BC-4785-94AB-91D3F2942FED}"
EndProject
Project("{2150E333-8FDC-42A3-9474-1A3956D46DE8}") = "Utilities", "Utilities", "{95B00EB6-46C9-4E98-81DB-7333B4BB9705}"
EndProject
Project("{2150E333-8FDC-42A3-9474-1A3956D46DE8}") = "TS", "TS", "{DBF5F75E-AE05-434C-8A69-B3783B1D4481}"
EndProject
Project("{FAE04EC0-301F-11D3-BF4B-00C04F79EFBC}") = "TSGenerator", "TSGenerator\TSGenerator.csproj", "{53BD2263-0D24-4AC1-B3AC-E201513C67FE}"
EndProject
Global
	GlobalSection(SolutionConfigurationPlatforms) = preSolution
		Debug|Any CPU = Debug|Any CPU
		Release|Any CPU = Release|Any CPU
	EndGlobalSection
	GlobalSection(ProjectConfigurationPlatforms) = postSolution
		{0784A402-F1F6-4124-A0D6-977F0CBF047E}.Debug|Any CPU.ActiveCfg = Debug|Any CPU
		{0784A402-F1F6-4124-A0D6-977F0CBF047E}.Debug|Any CPU.Build.0 = Debug|Any CPU
		{0784A402-F1F6-4124-A0D6-977F0CBF047E}.Release|Any CPU.ActiveCfg = Release|Any CPU
		{0784A402-F1F6-4124-A0D6-977F0CBF047E}.Release|Any CPU.Build.0 = Release|Any CPU
		{EBE4E511-CF3F-4464-A379-8A3D9DE43B41}.Debug|Any CPU.ActiveCfg = Debug|Any CPU
		{EBE4E511-CF3F-4464-A379-8A3D9DE43B41}.Debug|Any CPU.Build.0 = Debug|Any CPU
		{EBE4E511-CF3F-4464-A379-8A3D9DE43B41}.Release|Any CPU.ActiveCfg = Release|Any CPU
		{EBE4E511-CF3F-4464-A379-8A3D9DE43B41}.Release|Any CPU.Build.0 = Release|Any CPU
		{108F67A0-6468-4A46-8C89-0F9A42BB1788}.Debug|Any CPU.ActiveCfg = Debug|Any CPU
		{108F67A0-6468-4A46-8C89-0F9A42BB1788}.Debug|Any CPU.Build.0 = Debug|Any CPU
		{108F67A0-6468-4A46-8C89-0F9A42BB1788}.Release|Any CPU.ActiveCfg = Release|Any CPU
		{108F67A0-6468-4A46-8C89-0F9A42BB1788}.Release|Any CPU.Build.0 = Release|Any CPU
		{1693743A-E031-453E-ACE4-4CB40E4A2782}.Debug|Any CPU.ActiveCfg = Debug|Any CPU
		{1693743A-E031-453E-ACE4-4CB40E4A2782}.Debug|Any CPU.Build.0 = Debug|Any CPU
		{1693743A-E031-453E-ACE4-4CB40E4A2782}.Release|Any CPU.ActiveCfg = Release|Any CPU
		{1693743A-E031-453E-ACE4-4CB40E4A2782}.Release|Any CPU.Build.0 = Release|Any CPU
		{69A65D82-7406-4442-B6F4-04F7F02C6BD9}.Debug|Any CPU.ActiveCfg = Debug|Any CPU
		{69A65D82-7406-4442-B6F4-04F7F02C6BD9}.Debug|Any CPU.Build.0 = Debug|Any CPU
		{69A65D82-7406-4442-B6F4-04F7F02C6BD9}.Release|Any CPU.ActiveCfg = Release|Any CPU
		{69A65D82-7406-4442-B6F4-04F7F02C6BD9}.Release|Any CPU.Build.0 = Release|Any CPU
		{D62F72F7-C1FF-4357-9E18-C0DBBC599DFA}.Debug|Any CPU.ActiveCfg = Debug|Any CPU
		{D62F72F7-C1FF-4357-9E18-C0DBBC599DFA}.Debug|Any CPU.Build.0 = Debug|Any CPU
		{D62F72F7-C1FF-4357-9E18-C0DBBC599DFA}.Release|Any CPU.ActiveCfg = Release|Any CPU
		{D62F72F7-C1FF-4357-9E18-C0DBBC599DFA}.Release|Any CPU.Build.0 = Release|Any CPU
		{8001CC74-8AAD-410F-A7FC-768306197908}.Debug|Any CPU.ActiveCfg = Debug|Any CPU
		{8001CC74-8AAD-410F-A7FC-768306197908}.Debug|Any CPU.Build.0 = Debug|Any CPU
		{8001CC74-8AAD-410F-A7FC-768306197908}.Release|Any CPU.ActiveCfg = Release|Any CPU
		{8001CC74-8AAD-410F-A7FC-768306197908}.Release|Any CPU.Build.0 = Release|Any CPU
		{8010D47A-A001-490C-98A4-AC9ECF06B4A0}.Debug|Any CPU.ActiveCfg = Debug|Any CPU
		{8010D47A-A001-490C-98A4-AC9ECF06B4A0}.Debug|Any CPU.Build.0 = Debug|Any CPU
		{8010D47A-A001-490C-98A4-AC9ECF06B4A0}.Release|Any CPU.ActiveCfg = Release|Any CPU
		{8010D47A-A001-490C-98A4-AC9ECF06B4A0}.Release|Any CPU.Build.0 = Release|Any CPU
		{A8F5EA4D-17BC-4785-94AB-91D3F2942FED}.Debug|Any CPU.ActiveCfg = Debug|Any CPU
		{A8F5EA4D-17BC-4785-94AB-91D3F2942FED}.Debug|Any CPU.Build.0 = Debug|Any CPU
		{A8F5EA4D-17BC-4785-94AB-91D3F2942FED}.Release|Any CPU.ActiveCfg = Release|Any CPU
		{A8F5EA4D-17BC-4785-94AB-91D3F2942FED}.Release|Any CPU.Build.0 = Release|Any CPU
		{53BD2263-0D24-4AC1-B3AC-E201513C67FE}.Debug|Any CPU.ActiveCfg = Debug|Any CPU
		{53BD2263-0D24-4AC1-B3AC-E201513C67FE}.Debug|Any CPU.Build.0 = Debug|Any CPU
		{53BD2263-0D24-4AC1-B3AC-E201513C67FE}.Release|Any CPU.ActiveCfg = Release|Any CPU
		{53BD2263-0D24-4AC1-B3AC-E201513C67FE}.Release|Any CPU.Build.0 = Release|Any CPU
	EndGlobalSection
	GlobalSection(SolutionProperties) = preSolution
		HideSolutionNode = FALSE
	EndGlobalSection
	GlobalSection(NestedProjects) = preSolution
		{EBE4E511-CF3F-4464-A379-8A3D9DE43B41} = {18E65B6D-75FD-49E0-984F-4677664FC919}
		{108F67A0-6468-4A46-8C89-0F9A42BB1788} = {18E65B6D-75FD-49E0-984F-4677664FC919}
		{122FD7DE-8406-4C23-94E9-0057D283378D} = {E084C883-329F-427A-9563-E5C8229807E4}
		{413DBA7C-A70B-43BB-810D-31B083CD7460} = {6BC1618E-5F0F-4D5A-A275-854E7D79E6E9}
		{1693743A-E031-453E-ACE4-4CB40E4A2782} = {46566558-C0F8-4A1C-AEAD-B8C0EFD012D0}
		{69A65D82-7406-4442-B6F4-04F7F02C6BD9} = {6E679643-7A9F-43AE-92FE-3DDA1AEE2EF1}
		{D62F72F7-C1FF-4357-9E18-C0DBBC599DFA} = {58DEEF70-E89D-4681-9501-C62B28EEA2CF}
		{8001CC74-8AAD-410F-A7FC-768306197908} = {58DEEF70-E89D-4681-9501-C62B28EEA2CF}
		{08E1569A-4FBD-49FD-8D13-5543D9F57B12} = {58DEEF70-E89D-4681-9501-C62B28EEA2CF}
		{28AC5802-7318-433A-B0E4-E90788D77BE6} = {58DEEF70-E89D-4681-9501-C62B28EEA2CF}
		{8010D47A-A001-490C-98A4-AC9ECF06B4A0} = {08E1569A-4FBD-49FD-8D13-5543D9F57B12}
		{A8F5EA4D-17BC-4785-94AB-91D3F2942FED} = {28AC5802-7318-433A-B0E4-E90788D77BE6}
		{DBF5F75E-AE05-434C-8A69-B3783B1D4481} = {95B00EB6-46C9-4E98-81DB-7333B4BB9705}
		{53BD2263-0D24-4AC1-B3AC-E201513C67FE} = {DBF5F75E-AE05-434C-8A69-B3783B1D4481}
	EndGlobalSection
	GlobalSection(ExtensibilityGlobals) = postSolution
		SolutionGuid = {95BF9AF2-B3CE-40DE-A48B-1BFD960CC0E8}
	EndGlobalSection
EndGlobal
